// !$*UTF8*$!
{
	archiveVersion = 1;
	classes = {
	};
	objectVersion = 50;
	objects = {

/* Begin PBXBuildFile section */
		1F0CB1CA26345F4500DE63C6 /* DetailView.swift in Sources */ = {isa = PBXBuildFile; fileRef = 1F0CB1C926345F4500DE63C6 /* DetailView.swift */; };
		1FBD147F2633CCDD007812A3 /* PFM_insightsApp.swift in Sources */ = {isa = PBXBuildFile; fileRef = 1FBD147E2633CCDD007812A3 /* PFM_insightsApp.swift */; };
		1FBD14832633CCDF007812A3 /* Assets.xcassets in Resources */ = {isa = PBXBuildFile; fileRef = 1FBD14822633CCDF007812A3 /* Assets.xcassets */; };
		1FBD14862633CCDF007812A3 /* Preview Assets.xcassets in Resources */ = {isa = PBXBuildFile; fileRef = 1FBD14852633CCDF007812A3 /* Preview Assets.xcassets */; };
		1FBD14882633CCDF007812A3 /* Persistence.swift in Sources */ = {isa = PBXBuildFile; fileRef = 1FBD14872633CCDF007812A3 /* Persistence.swift */; };
		1FBD148B2633CCDF007812A3 /* PFM_insights.xcdatamodeld in Sources */ = {isa = PBXBuildFile; fileRef = 1FBD14892633CCDF007812A3 /* PFM_insights.xcdatamodeld */; };
		1FBD14942633CDB2007812A3 /* Home.swift in Sources */ = {isa = PBXBuildFile; fileRef = 1FBD14932633CDB2007812A3 /* Home.swift */; };
		1FBD14972633CDE8007812A3 /* HomeViewModel.swift in Sources */ = {isa = PBXBuildFile; fileRef = 1FBD14962633CDE8007812A3 /* HomeViewModel.swift */; };
		1FBD149B2633CE1F007812A3 /* ContentView.swift in Sources */ = {isa = PBXBuildFile; fileRef = 1FBD149A2633CE1F007812A3 /* ContentView.swift */; };
		1FBD149E2633CE68007812A3 /* NewDataView.swift in Sources */ = {isa = PBXBuildFile; fileRef = 1FBD149D2633CE68007812A3 /* NewDataView.swift */; };
		1FBD14A52633CED1007812A3 /* DateButton.swift in Sources */ = {isa = PBXBuildFile; fileRef = 1FBD14A42633CED1007812A3 /* DateButton.swift */; };
		1FBD14B02633DFCB007812A3 /* Habit.swift in Sources */ = {isa = PBXBuildFile; fileRef = 1FBD14AF2633DFCB007812A3 /* Habit.swift */; };
		1FBD14B82633FC88007812A3 /* Login.swift in Sources */ = {isa = PBXBuildFile; fileRef = 1FBD14B72633FC88007812A3 /* Login.swift */; };
		1FBD14BE2633FCFA007812A3 /* CustomButtonModifier.swift in Sources */ = {isa = PBXBuildFile; fileRef = 1FBD14BD2633FCFA007812A3 /* CustomButtonModifier.swift */; };
		1FBD14C12633FD1A007812A3 /* Register.swift in Sources */ = {isa = PBXBuildFile; fileRef = 1FBD14C02633FD1A007812A3 /* Register.swift */; };
		1FBD14C52633FD6D007812A3 /* CustomTextField.swift in Sources */ = {isa = PBXBuildFile; fileRef = 1FBD14C42633FD6D007812A3 /* CustomTextField.swift */; };
		252EF04B2635201000D72732 /* PFM model.mlmodel in Sources */ = {isa = PBXBuildFile; fileRef = 252EF04A2635201000D72732 /* PFM model.mlmodel */; };
/* End PBXBuildFile section */

/* Begin PBXFileReference section */
		1F0CB1C926345F4500DE63C6 /* DetailView.swift */ = {isa = PBXFileReference; lastKnownFileType = sourcecode.swift; path = DetailView.swift; sourceTree = "<group>"; };
		1FBD147B2633CCDD007812A3 /* PFM_insights.app */ = {isa = PBXFileReference; explicitFileType = wrapper.application; includeInIndex = 0; path = PFM_insights.app; sourceTree = BUILT_PRODUCTS_DIR; };
		1FBD147E2633CCDD007812A3 /* PFM_insightsApp.swift */ = {isa = PBXFileReference; lastKnownFileType = sourcecode.swift; path = PFM_insightsApp.swift; sourceTree = "<group>"; };
		1FBD14822633CCDF007812A3 /* Assets.xcassets */ = {isa = PBXFileReference; lastKnownFileType = folder.assetcatalog; path = Assets.xcassets; sourceTree = "<group>"; };
		1FBD14852633CCDF007812A3 /* Preview Assets.xcassets */ = {isa = PBXFileReference; lastKnownFileType = folder.assetcatalog; path = "Preview Assets.xcassets"; sourceTree = "<group>"; };
		1FBD14872633CCDF007812A3 /* Persistence.swift */ = {isa = PBXFileReference; lastKnownFileType = sourcecode.swift; path = Persistence.swift; sourceTree = "<group>"; };
		1FBD148A2633CCDF007812A3 /* PFM_insights.xcdatamodel */ = {isa = PBXFileReference; lastKnownFileType = wrapper.xcdatamodel; path = PFM_insights.xcdatamodel; sourceTree = "<group>"; };
		1FBD148C2633CCDF007812A3 /* Info.plist */ = {isa = PBXFileReference; lastKnownFileType = text.plist.xml; path = Info.plist; sourceTree = "<group>"; };
		1FBD14932633CDB2007812A3 /* Home.swift */ = {isa = PBXFileReference; lastKnownFileType = sourcecode.swift; path = Home.swift; sourceTree = "<group>"; };
		1FBD14962633CDE8007812A3 /* HomeViewModel.swift */ = {isa = PBXFileReference; lastKnownFileType = sourcecode.swift; path = HomeViewModel.swift; sourceTree = "<group>"; };
		1FBD149A2633CE1F007812A3 /* ContentView.swift */ = {isa = PBXFileReference; lastKnownFileType = sourcecode.swift; path = ContentView.swift; sourceTree = "<group>"; };
		1FBD149D2633CE68007812A3 /* NewDataView.swift */ = {isa = PBXFileReference; lastKnownFileType = sourcecode.swift; path = NewDataView.swift; sourceTree = "<group>"; };
		1FBD14A42633CED1007812A3 /* DateButton.swift */ = {isa = PBXFileReference; lastKnownFileType = sourcecode.swift; path = DateButton.swift; sourceTree = "<group>"; };
		1FBD14AF2633DFCB007812A3 /* Habit.swift */ = {isa = PBXFileReference; lastKnownFileType = sourcecode.swift; path = Habit.swift; sourceTree = "<group>"; };
		1FBD14B72633FC88007812A3 /* Login.swift */ = {isa = PBXFileReference; lastKnownFileType = sourcecode.swift; path = Login.swift; sourceTree = "<group>"; };
		1FBD14BD2633FCFA007812A3 /* CustomButtonModifier.swift */ = {isa = PBXFileReference; lastKnownFileType = sourcecode.swift; path = CustomButtonModifier.swift; sourceTree = "<group>"; };
		1FBD14C02633FD1A007812A3 /* Register.swift */ = {isa = PBXFileReference; lastKnownFileType = sourcecode.swift; path = Register.swift; sourceTree = "<group>"; };
		1FBD14C42633FD6D007812A3 /* CustomTextField.swift */ = {isa = PBXFileReference; lastKnownFileType = sourcecode.swift; path = CustomTextField.swift; sourceTree = "<group>"; };
		252EF04A2635201000D72732 /* PFM model.mlmodel */ = {isa = PBXFileReference; lastKnownFileType = file.mlmodel; path = "PFM model.mlmodel"; sourceTree = "<group>"; };
/* End PBXFileReference section */

/* Begin PBXFrameworksBuildPhase section */
		1FBD14782633CCDD007812A3 /* Frameworks */ = {
			isa = PBXFrameworksBuildPhase;
			buildActionMask = 2147483647;
			files = (
			);
			runOnlyForDeploymentPostprocessing = 0;
		};
/* End PBXFrameworksBuildPhase section */

/* Begin PBXGroup section */
		1FBD14722633CCDD007812A3 = {
			isa = PBXGroup;
			children = (
				1FBD147D2633CCDD007812A3 /* PFM_insights */,
				1FBD147C2633CCDD007812A3 /* Products */,
			);
			sourceTree = "<group>";
		};
		1FBD147C2633CCDD007812A3 /* Products */ = {
			isa = PBXGroup;
			children = (
				1FBD147B2633CCDD007812A3 /* PFM_insights.app */,
			);
			name = Products;
			sourceTree = "<group>";
		};
		1FBD147D2633CCDD007812A3 /* PFM_insights */ = {
			isa = PBXGroup;
			children = (
				1FBD147E2633CCDD007812A3 /* PFM_insightsApp.swift */,
				1FBD14932633CDB2007812A3 /* Home.swift */,
				1F0CB1C926345F4500DE63C6 /* DetailView.swift */,
				1FBD149D2633CE68007812A3 /* NewDataView.swift */,
				1FBD14A42633CED1007812A3 /* DateButton.swift */,
				1FBD149A2633CE1F007812A3 /* ContentView.swift */,
				1FBD14B72633FC88007812A3 /* Login.swift */,
				1FBD14C42633FD6D007812A3 /* CustomTextField.swift */,
				1FBD14BD2633FCFA007812A3 /* CustomButtonModifier.swift */,
				1FBD14C02633FD1A007812A3 /* Register.swift */,
				1FBD14AF2633DFCB007812A3 /* Habit.swift */,
				1FBD14962633CDE8007812A3 /* HomeViewModel.swift */,
				1FBD14822633CCDF007812A3 /* Assets.xcassets */,
				1FBD14872633CCDF007812A3 /* Persistence.swift */,
				252EF04A2635201000D72732 /* PFM model.mlmodel */,
				1FBD148C2633CCDF007812A3 /* Info.plist */,
				1FBD14892633CCDF007812A3 /* PFM_insights.xcdatamodeld */,
				1FBD14842633CCDF007812A3 /* Preview Content */,
			);
			path = PFM_insights;
			sourceTree = "<group>";
		};
		1FBD14842633CCDF007812A3 /* Preview Content */ = {
			isa = PBXGroup;
			children = (
				1FBD14852633CCDF007812A3 /* Preview Assets.xcassets */,
			);
			path = "Preview Content";
			sourceTree = "<group>";
		};
/* End PBXGroup section */

/* Begin PBXNativeTarget section */
		1FBD147A2633CCDD007812A3 /* PFM_insights */ = {
			isa = PBXNativeTarget;
			buildConfigurationList = 1FBD148F2633CCDF007812A3 /* Build configuration list for PBXNativeTarget "PFM_insights" */;
			buildPhases = (
				1FBD14772633CCDD007812A3 /* Sources */,
				1FBD14782633CCDD007812A3 /* Frameworks */,
				1FBD14792633CCDD007812A3 /* Resources */,
			);
			buildRules = (
			);
			dependencies = (
			);
			name = PFM_insights;
			productName = PFM_insights;
			productReference = 1FBD147B2633CCDD007812A3 /* PFM_insights.app */;
			productType = "com.apple.product-type.application";
		};
/* End PBXNativeTarget section */

/* Begin PBXProject section */
		1FBD14732633CCDD007812A3 /* Project object */ = {
			isa = PBXProject;
			attributes = {
				LastSwiftUpdateCheck = 1240;
				LastUpgradeCheck = 1240;
				TargetAttributes = {
					1FBD147A2633CCDD007812A3 = {
						CreatedOnToolsVersion = 12.4;
					};
				};
			};
			buildConfigurationList = 1FBD14762633CCDD007812A3 /* Build configuration list for PBXProject "PFM_insights" */;
			compatibilityVersion = "Xcode 9.3";
			developmentRegion = en;
			hasScannedForEncodings = 0;
			knownRegions = (
				en,
				Base,
			);
			mainGroup = 1FBD14722633CCDD007812A3;
			productRefGroup = 1FBD147C2633CCDD007812A3 /* Products */;
			projectDirPath = "";
			projectRoot = "";
			targets = (
				1FBD147A2633CCDD007812A3 /* PFM_insights */,
			);
		};
/* End PBXProject section */

/* Begin PBXResourcesBuildPhase section */
		1FBD14792633CCDD007812A3 /* Resources */ = {
			isa = PBXResourcesBuildPhase;
			buildActionMask = 2147483647;
			files = (
				1FBD14862633CCDF007812A3 /* Preview Assets.xcassets in Resources */,
				1FBD14832633CCDF007812A3 /* Assets.xcassets in Resources */,
			);
			runOnlyForDeploymentPostprocessing = 0;
		};
/* End PBXResourcesBuildPhase section */

/* Begin PBXSourcesBuildPhase section */
		1FBD14772633CCDD007812A3 /* Sources */ = {
			isa = PBXSourcesBuildPhase;
			buildActionMask = 2147483647;
			files = (
				1FBD14C52633FD6D007812A3 /* CustomTextField.swift in Sources */,
				1FBD148B2633CCDF007812A3 /* PFM_insights.xcdatamodeld in Sources */,
				1FBD14B82633FC88007812A3 /* Login.swift in Sources */,
				1F0CB1CA26345F4500DE63C6 /* DetailView.swift in Sources */,
				1FBD14BE2633FCFA007812A3 /* CustomButtonModifier.swift in Sources */,
				1FBD14C12633FD1A007812A3 /* Register.swift in Sources */,
				1FBD14972633CDE8007812A3 /* HomeViewModel.swift in Sources */,
				1FBD149B2633CE1F007812A3 /* ContentView.swift in Sources */,
				252EF04B2635201000D72732 /* PFM model.mlmodel in Sources */,
				1FBD14882633CCDF007812A3 /* Persistence.swift in Sources */,
				1FBD14942633CDB2007812A3 /* Home.swift in Sources */,
				1FBD14B02633DFCB007812A3 /* Habit.swift in Sources */,
				1FBD14A52633CED1007812A3 /* DateButton.swift in Sources */,
				1FBD147F2633CCDD007812A3 /* PFM_insightsApp.swift in Sources */,
				1FBD149E2633CE68007812A3 /* NewDataView.swift in Sources */,
			);
			runOnlyForDeploymentPostprocessing = 0;
		};
/* End PBXSourcesBuildPhase section */

/* Begin XCBuildConfiguration section */
		1FBD148D2633CCDF007812A3 /* Debug */ = {
			isa = XCBuildConfiguration;
			buildSettings = {
				ALWAYS_SEARCH_USER_PATHS = NO;
				CLANG_ANALYZER_NONNULL = YES;
				CLANG_ANALYZER_NUMBER_OBJECT_CONVERSION = YES_AGGRESSIVE;
				CLANG_CXX_LANGUAGE_STANDARD = "gnu++14";
				CLANG_CXX_LIBRARY = "libc++";
				CLANG_ENABLE_MODULES = YES;
				CLANG_ENABLE_OBJC_ARC = YES;
				CLANG_ENABLE_OBJC_WEAK = YES;
				CLANG_WARN_BLOCK_CAPTURE_AUTORELEASING = YES;
				CLANG_WARN_BOOL_CONVERSION = YES;
				CLANG_WARN_COMMA = YES;
				CLANG_WARN_CONSTANT_CONVERSION = YES;
				CLANG_WARN_DEPRECATED_OBJC_IMPLEMENTATIONS = YES;
				CLANG_WARN_DIRECT_OBJC_ISA_USAGE = YES_ERROR;
				CLANG_WARN_DOCUMENTATION_COMMENTS = YES;
				CLANG_WARN_EMPTY_BODY = YES;
				CLANG_WARN_ENUM_CONVERSION = YES;
				CLANG_WARN_INFINITE_RECURSION = YES;
				CLANG_WARN_INT_CONVERSION = YES;
				CLANG_WARN_NON_LITERAL_NULL_CONVERSION = YES;
				CLANG_WARN_OBJC_IMPLICIT_RETAIN_SELF = YES;
				CLANG_WARN_OBJC_LITERAL_CONVERSION = YES;
				CLANG_WARN_OBJC_ROOT_CLASS = YES_ERROR;
				CLANG_WARN_QUOTED_INCLUDE_IN_FRAMEWORK_HEADER = YES;
				CLANG_WARN_RANGE_LOOP_ANALYSIS = YES;
				CLANG_WARN_STRICT_PROTOTYPES = YES;
				CLANG_WARN_SUSPICIOUS_MOVE = YES;
				CLANG_WARN_UNGUARDED_AVAILABILITY = YES_AGGRESSIVE;
				CLANG_WARN_UNREACHABLE_CODE = YES;
				CLANG_WARN__DUPLICATE_METHOD_MATCH = YES;
				COPY_PHASE_STRIP = NO;
				DEBUG_INFORMATION_FORMAT = dwarf;
				ENABLE_STRICT_OBJC_MSGSEND = YES;
				ENABLE_TESTABILITY = YES;
				GCC_C_LANGUAGE_STANDARD = gnu11;
				GCC_DYNAMIC_NO_PIC = NO;
				GCC_NO_COMMON_BLOCKS = YES;
				GCC_OPTIMIZATION_LEVEL = 0;
				GCC_PREPROCESSOR_DEFINITIONS = (
					"DEBUG=1",
					"$(inherited)",
				);
				GCC_WARN_64_TO_32_BIT_CONVERSION = YES;
				GCC_WARN_ABOUT_RETURN_TYPE = YES_ERROR;
				GCC_WARN_UNDECLARED_SELECTOR = YES;
				GCC_WARN_UNINITIALIZED_AUTOS = YES_AGGRESSIVE;
				GCC_WARN_UNUSED_FUNCTION = YES;
				GCC_WARN_UNUSED_VARIABLE = YES;
				IPHONEOS_DEPLOYMENT_TARGET = 14.4;
				MTL_ENABLE_DEBUG_INFO = INCLUDE_SOURCE;
				MTL_FAST_MATH = YES;
				ONLY_ACTIVE_ARCH = YES;
				SDKROOT = iphoneos;
				SWIFT_ACTIVE_COMPILATION_CONDITIONS = DEBUG;
				SWIFT_OPTIMIZATION_LEVEL = "-Onone";
			};
			name = Debug;
		};
		1FBD148E2633CCDF007812A3 /* Release */ = {
			isa = XCBuildConfiguration;
			buildSettings = {
				ALWAYS_SEARCH_USER_PATHS = NO;
				CLANG_ANALYZER_NONNULL = YES;
				CLANG_ANALYZER_NUMBER_OBJECT_CONVERSION = YES_AGGRESSIVE;
				CLANG_CXX_LANGUAGE_STANDARD = "gnu++14";
				CLANG_CXX_LIBRARY = "libc++";
				CLANG_ENABLE_MODULES = YES;
				CLANG_ENABLE_OBJC_ARC = YES;
				CLANG_ENABLE_OBJC_WEAK = YES;
				CLANG_WARN_BLOCK_CAPTURE_AUTORELEASING = YES;
				CLANG_WARN_BOOL_CONVERSION = YES;
				CLANG_WARN_COMMA = YES;
				CLANG_WARN_CONSTANT_CONVERSION = YES;
				CLANG_WARN_DEPRECATED_OBJC_IMPLEMENTATIONS = YES;
				CLANG_WARN_DIRECT_OBJC_ISA_USAGE = YES_ERROR;
				CLANG_WARN_DOCUMENTATION_COMMENTS = YES;
				CLANG_WARN_EMPTY_BODY = YES;
				CLANG_WARN_ENUM_CONVERSION = YES;
				CLANG_WARN_INFINITE_RECURSION = YES;
				CLANG_WARN_INT_CONVERSION = YES;
				CLANG_WARN_NON_LITERAL_NULL_CONVERSION = YES;
				CLANG_WARN_OBJC_IMPLICIT_RETAIN_SELF = YES;
				CLANG_WARN_OBJC_LITERAL_CONVERSION = YES;
				CLANG_WARN_OBJC_ROOT_CLASS = YES_ERROR;
				CLANG_WARN_QUOTED_INCLUDE_IN_FRAMEWORK_HEADER = YES;
				CLANG_WARN_RANGE_LOOP_ANALYSIS = YES;
				CLANG_WARN_STRICT_PROTOTYPES = YES;
				CLANG_WARN_SUSPICIOUS_MOVE = YES;
				CLANG_WARN_UNGUARDED_AVAILABILITY = YES_AGGRESSIVE;
				CLANG_WARN_UNREACHABLE_CODE = YES;
				CLANG_WARN__DUPLICATE_METHOD_MATCH = YES;
				COPY_PHASE_STRIP = NO;
				DEBUG_INFORMATION_FORMAT = "dwarf-with-dsym";
				ENABLE_NS_ASSERTIONS = NO;
				ENABLE_STRICT_OBJC_MSGSEND = YES;
				GCC_C_LANGUAGE_STANDARD = gnu11;
				GCC_NO_COMMON_BLOCKS = YES;
				GCC_WARN_64_TO_32_BIT_CONVERSION = YES;
				GCC_WARN_ABOUT_RETURN_TYPE = YES_ERROR;
				GCC_WARN_UNDECLARED_SELECTOR = YES;
				GCC_WARN_UNINITIALIZED_AUTOS = YES_AGGRESSIVE;
				GCC_WARN_UNUSED_FUNCTION = YES;
				GCC_WARN_UNUSED_VARIABLE = YES;
				IPHONEOS_DEPLOYMENT_TARGET = 14.4;
				MTL_ENABLE_DEBUG_INFO = NO;
				MTL_FAST_MATH = YES;
				SDKROOT = iphoneos;
				SWIFT_COMPILATION_MODE = wholemodule;
				SWIFT_OPTIMIZATION_LEVEL = "-O";
				VALIDATE_PRODUCT = YES;
			};
			name = Release;
		};
		1FBD14902633CCDF007812A3 /* Debug */ = {
			isa = XCBuildConfiguration;
			buildSettings = {
				ASSETCATALOG_COMPILER_APPICON_NAME = AppIcon;
				ASSETCATALOG_COMPILER_GLOBAL_ACCENT_COLOR_NAME = AccentColor;
				CODE_SIGN_STYLE = Automatic;
				DEVELOPMENT_ASSET_PATHS = "\"PFM_insights/Preview Content\"";
				DEVELOPMENT_TEAM = BT7Y7K6S67;
				ENABLE_PREVIEWS = YES;
				INFOPLIST_FILE = PFM_insights/Info.plist;
				IPHONEOS_DEPLOYMENT_TARGET = 14.0;
				LD_RUNPATH_SEARCH_PATHS = (
					"$(inherited)",
					"@executable_path/Frameworks",
				);
				PRODUCT_BUNDLE_IDENTIFIER = "FPM.PFM-insights";
				PRODUCT_NAME = "$(TARGET_NAME)";
				SWIFT_VERSION = 5.0;
				TARGETED_DEVICE_FAMILY = "1,2";
			};
			name = Debug;
		};
		1FBD14912633CCDF007812A3 /* Release */ = {
			isa = XCBuildConfiguration;
			buildSettings = {
				ASSETCATALOG_COMPILER_APPICON_NAME = AppIcon;
				ASSETCATALOG_COMPILER_GLOBAL_ACCENT_COLOR_NAME = AccentColor;
				CODE_SIGN_STYLE = Automatic;
				DEVELOPMENT_ASSET_PATHS = "\"PFM_insights/Preview Content\"";
				DEVELOPMENT_TEAM = BT7Y7K6S67;
				ENABLE_PREVIEWS = YES;
				INFOPLIST_FILE = PFM_insights/Info.plist;
				IPHONEOS_DEPLOYMENT_TARGET = 14.0;
				LD_RUNPATH_SEARCH_PATHS = (
					"$(inherited)",
					"@executable_path/Frameworks",
				);
				PRODUCT_BUNDLE_IDENTIFIER = "FPM.PFM-insights";
				PRODUCT_NAME = "$(TARGET_NAME)";
				SWIFT_VERSION = 5.0;
				TARGETED_DEVICE_FAMILY = "1,2";
			};
			name = Release;
		};
/* End XCBuildConfiguration section */

/* Begin XCConfigurationList section */
		1FBD14762633CCDD007812A3 /* Build configuration list for PBXProject "PFM_insights" */ = {
			isa = XCConfigurationList;
			buildConfigurations = (
				1FBD148D2633CCDF007812A3 /* Debug */,
				1FBD148E2633CCDF007812A3 /* Release */,
			);
			defaultConfigurationIsVisible = 0;
			defaultConfigurationName = Release;
		};
		1FBD148F2633CCDF007812A3 /* Build configuration list for PBXNativeTarget "PFM_insights" */ = {
			isa = XCConfigurationList;
			buildConfigurations = (
				1FBD14902633CCDF007812A3 /* Debug */,
				1FBD14912633CCDF007812A3 /* Release */,
			);
			defaultConfigurationIsVisible = 0;
			defaultConfigurationName = Release;
		};
/* End XCConfigurationList section */

/* Begin XCVersionGroup section */
		1FBD14892633CCDF007812A3 /* PFM_insights.xcdatamodeld */ = {
			isa = XCVersionGroup;
			children = (
				1FBD148A2633CCDF007812A3 /* PFM_insights.xcdatamodel */,
			);
			currentVersion = 1FBD148A2633CCDF007812A3 /* PFM_insights.xcdatamodel */;
			path = PFM_insights.xcdatamodeld;
			sourceTree = "<group>";
			versionGroupType = wrapper.xcdatamodel;
		};
/* End XCVersionGroup section */
	};
	rootObject = 1FBD14732633CCDD007812A3 /* Project object */;
}
